{
  "name": "tinkerforge-ws",
  "version": "0.0.1",
  "lockfileVersion": 1,
  "requires": true,
  "dependencies": {
    "tinkerforge": {
      "version": "2.1.26",
      "resolved": "https://registry.npmjs.org/tinkerforge/-/tinkerforge-2.1.26.tgz",
      "integrity": "sha512-yy4eKgixZ2NGRcLeZEEBdX9kScdtelpq4JPRxozRPTJwzmuisnpzZ7O7R6GRRGOOyBPk+7Pq+oVzxsZoDgj7VQ=="
    },
    "typescript": {
      "version": "3.8.3",
      "resolved": "https://registry.npmjs.org/typescript/-/typescript-3.8.3.tgz",
      "integrity": "sha512-MYlEfn5VrLNsgudQTVJeNaQFUAI7DkhnOjdpAp4T+ku1TfQClewlbSuTVHiA+8skNBgaf02TL/kLOvig4y3G8w==",
      "dev": true
    }
  }
}
